{
  "version": 4,
  "terraform_version": "1.0.11",
  "serial": 1,
  "lineage": "76f57345-c15e-8e4e-4b4f-6b80e2d2a533",
  "outputs": {},
  "resources": [
    {
      "mode": "data",
      "type": "aws_iam_role",
      "name": "lab_role",
      "provider": "provider[\"registry.terraform.io/hashicorp/aws\"]",
      "instances": [
        {
          "schema_version": 0,
          "attributes": {
            "arn": "arn:aws:iam::247655569525:role/LabRole",
            "assume_role_policy": "{\"Version\":\"2012-10-17\",\"Statement\":[{\"Effect\":\"Allow\",\"Principal\":{\"Service\":[\"elasticloadbalancing.amazonaws.com\",\"codecommit.amazonaws.com\",\"kms.amazonaws.com\",\"elasticmapreduce.amazonaws.com\",\"cloudformation.amazonaws.com\",\"autoscaling.amazonaws.com\",\"lightsail.amazonaws.com\",\"lambda.amazonaws.com\",\"storagegateway.amazonaws.com\",\"s3.amazonaws.com\",\"robomaker.amazonaws.com\",\"ec2.amazonaws.com\",\"dynamodb.amazonaws.com\",\"cloudtrail.amazonaws.com\",\"sts.amazonaws.com\",\"ssm.amazonaws.com\",\"glue.amazonaws.com\",\"sagemaker.amazonaws.com\",\"codebuild.amazonaws.com\",\"rds.amazonaws.com\",\"servicecatalog.amazonaws.com\",\"resource-groups.amazonaws.com\",\"cognito-idp.amazonaws.com\",\"lex.amazonaws.com\",\"datapipeline.amazonaws.com\",\"forecast.amazonaws.com\",\"secretsmanager.amazonaws.com\",\"cloud9.amazonaws.com\",\"redshift.amazonaws.com\",\"states.amazonaws.com\",\"events.amazonaws.com\",\"logs.amazonaws.com\",\"rekognition.amazonaws.com\",\"elasticbeanstalk.amazonaws.com\",\"translate.amazonaws.com\",\"elasticfilesystem.amazonaws.com\"]},\"Action\":\"sts:AssumeRole\"}]}",
            "create_date": "2021-09-01T00:35:32Z",
            "description": "",
            "id": "LabRole",
            "max_session_duration": 3600,
            "name": "LabRole",
            "path": "/",
            "permissions_boundary": "",
            "tags": {
              "cloudlab": "c38087a488361l971563t1w247655569525"
            },
            "unique_id": "AROATTKLMDB23IL57PME7"
          },
          "sensitive_attributes": []
        }
      ]
    },
    {
      "mode": "managed",
      "type": "aws_lambda_function",
      "name": "test_lambda",
      "provider": "provider[\"registry.terraform.io/hashicorp/aws\"]",
      "instances": [
        {
          "schema_version": 0,
          "attributes": {
            "architectures": [
              "x86_64"
            ],
            "arn": "arn:aws:lambda:us-east-1:247655569525:function:hamdi-StopEC2",
            "code_signing_config_arn": "",
            "dead_letter_config": [],
            "description": "",
            "environment": [],
            "file_system_config": [],
            "filename": "StopEC2.zip",
            "function_name": "hamdi-StopEC2",
            "handler": "StopEC2.lambda_handler",
            "id": "hamdi-StopEC2",
            "image_config": [],
            "image_uri": "",
            "invoke_arn": "arn:aws:apigateway:us-east-1:lambda:path/2015-03-31/functions/arn:aws:lambda:us-east-1:247655569525:function:hamdi-StopEC2/invocations",
            "kms_key_arn": "",
            "last_modified": "2021-11-19T01:41:36.347+0000",
            "layers": null,
            "memory_size": 128,
            "package_type": "Zip",
            "publish": false,
            "qualified_arn": "arn:aws:lambda:us-east-1:247655569525:function:hamdi-StopEC2:$LATEST",
            "reserved_concurrent_executions": -1,
            "role": "arn:aws:iam::247655569525:role/LabRole",
            "runtime": "python3.9",
            "s3_bucket": null,
            "s3_key": null,
            "s3_object_version": null,
            "signing_job_arn": "",
            "signing_profile_version_arn": "",
            "source_code_hash": "dbzEE5U3V1/qGi2mu5dF5N0N++ezAmmq+QTV6d/WLNk=",
            "source_code_size": 560,
            "tags": null,
            "tags_all": {},
            "timeout": 3,
            "timeouts": null,
            "tracing_config": [
              {
                "mode": "PassThrough"
              }
            ],
            "version": "$LATEST",
            "vpc_config": []
          },
          "sensitive_attributes": [],
          "private": "eyJlMmJmYjczMC1lY2FhLTExZTYtOGY4OC0zNDM2M2JjN2M0YzAiOnsiY3JlYXRlIjo2MDAwMDAwMDAwMDB9fQ==",
          "dependencies": [
            "data.aws_iam_role.lab_role"
          ]
        }
      ]
    }
  ]
}
